{
    "_readme": [
        "This file locks the dependencies of your project to a known state",
        "Read more about it at https://getcomposer.org/doc/01-basic-usage.md#composer-lock-the-lock-file",
        "This file is @generated automatically"
    ],
    "hash": "6f9b9e32374273a9868450970262788e",
    "content-hash": "323b1c258d7fb58e4b84ed45b3cba81a",
    "packages": [
        {
            "name": "debach/zend-mp3",
            "version": "1.8.1",
            "source": {
                "type": "git",
                "url": "https://github.com/debach/zend-mp3.git",
                "reference": "17b523ad57f283ddf3a116bc0eff22cb9d1b4b27"
            },
            "dist": {
                "type": "zip",
                "url": "https://api.github.com/repos/debach/zend-mp3/zipball/17b523ad57f283ddf3a116bc0eff22cb9d1b4b27",
                "reference": "17b523ad57f283ddf3a116bc0eff22cb9d1b4b27",
                "shasum": ""
            },
            "type": "library",
            "autoload": {
                "psr-0": {
                    "Zend_": "lib/"
                }
            },
            "notification-url": "https://packagist.org/downloads/",
            "license": [
                "BSD-3-Clause"
            ],
            "authors": [
                {
                    "name": "Sven Vollbehr"
                }
            ],
            "description": "The best PHP library for Object-Oriented media file information reading and writing.",
            "homepage": "https://code.google.com/p/php-reader/",
            "time": "2016-01-04 13:23:44"
        },
        {
            "name": "maximebf/consolekit",
            "version": "dev-master",
            "source": {
                "type": "git",
                "url": "https://github.com/maximebf/ConsoleKit.git",
                "reference": "a05c0c5a4c48882599d59323314ac963a836d58f"
            },
            "dist": {
                "type": "zip",
                "url": "https://api.github.com/repos/maximebf/ConsoleKit/zipball/a05c0c5a4c48882599d59323314ac963a836d58f",
                "reference": "a05c0c5a4c48882599d59323314ac963a836d58f",
                "shasum": ""
            },
            "require": {
                "php": ">=5.3.0"
            },
            "type": "library",
            "autoload": {
                "psr-0": {
                    "ConsoleKit": "src/"
                }
            },
            "notification-url": "https://packagist.org/downloads/",
            "license": [
                "MIT"
            ],
            "authors": [
                {
                    "name": "Maxime Bouroumeau-Fuseau",
                    "email": "maxime.bouroumeau@gmail.com",
                    "homepage": "http://maximebf.com"
                }
            ],
            "description": "Library to create command line utilities",
            "homepage": "https://github.com/maximebf/ConsoleKit",
            "keywords": [
                "cli",
                "commands",
                "console",
                "shell"
            ],
            "time": "2014-11-05 18:46:02"
        }
    ],
    "packages-dev": [],
    "aliases": [],
    "minimum-stability": "stable",
    "stability-flags": {
        "maximebf/consolekit": 20
    },
    "prefer-stable": false,
    "prefer-lowest": false,
    "platform": [],
    "platform-dev": []
}
